
Microsoft Visual Studio Solution File, Format Version 12.00
# Visual Studio Version 17
VisualStudioVersion = 17.0.31903.59
MinimumVisualStudioVersion = 10.0.40219.1
Project("{9A19103F-16F7-4668-BE54-9A1E7A4F7556}") = "KyhTestingProject", "KyhTestingProject\KyhTestingProject.csproj", "{82ACC834-0B36-4EBB-ABAE-211AAF1D7485}"
EndProject
Project("{FAE04EC0-301F-11D3-BF4B-00C04F79EFBC}") = "KyhTestingProject.Tests", "KyhTestingProject.Tests\KyhTestingProject.Tests.csproj", "{3D9AF73B-4CD8-453C-8D9C-D41F00FAFDEF}"
EndProject
Global
	GlobalSection(SolutionConfigurationPlatforms) = preSolution
		Debug|Any CPU = Debug|Any CPU
		Release|Any CPU = Release|Any CPU
	EndGlobalSection
	GlobalSection(ProjectConfigurationPlatforms) = postSolution
		{82ACC834-0B36-4EBB-ABAE-211AAF1D7485}.Debug|Any CPU.ActiveCfg = Debug|Any CPU
		{82ACC834-0B36-4EBB-ABAE-211AAF1D7485}.Debug|Any CPU.Build.0 = Debug|Any CPU
		{82ACC834-0B36-4EBB-ABAE-211AAF1D7485}.Release|Any CPU.ActiveCfg = Release|Any CPU
		{82ACC834-0B36-4EBB-ABAE-211AAF1D7485}.Release|Any CPU.Build.0 = Release|Any CPU
		{3D9AF73B-4CD8-453C-8D9C-D41F00FAFDEF}.Debug|Any CPU.ActiveCfg = Debug|Any CPU
		{3D9AF73B-4CD8-453C-8D9C-D41F00FAFDEF}.Debug|Any CPU.Build.0 = Debug|Any CPU
		{3D9AF73B-4CD8-453C-8D9C-D41F00FAFDEF}.Release|Any CPU.ActiveCfg = Release|Any CPU
		{3D9AF73B-4CD8-453C-8D9C-D41F00FAFDEF}.Release|Any CPU.Build.0 = Release|Any CPU
	EndGlobalSection
	GlobalSection(SolutionProperties) = preSolution
		HideSolutionNode = FALSE
	EndGlobalSection
	GlobalSection(ExtensibilityGlobals) = postSolution
		SolutionGuid = {C8ACEBAF-1E73-429B-92A0-CD148D7D3BFC}
	EndGlobalSection
EndGlobal
